
Microsoft Visual Studio Solution File, Format Version 12.00
# Visual Studio Version 17
VisualStudioVersion = 17.0.32112.339
MinimumVisualStudioVersion = 10.0.40219.1
Project("{9A19103F-16F7-4668-BE54-9A1E7A4F7556}") = "AutoMapper.Extensions", "src\AutoMapper.Extensions\AutoMapper.Extensions.csproj", "{78E15A9B-03E5-4650-A225-0343127F4E70}"
EndProject
Project("{FAE04EC0-301F-11D3-BF4B-00C04F79EFBC}") = "AutoMapper.Extensions.Tests", "tests\AutoMapper.Extensions.Tests\AutoMapper.Extensions.Tests.csproj", "{F3FF5D78-52BF-4A9B-A3AB-0C0D7C84CA72}"
EndProject
Global
	GlobalSection(SolutionConfigurationPlatforms) = preSolution
		Debug|Any CPU = Debug|Any CPU
		Release|Any CPU = Release|Any CPU
	EndGlobalSection
	GlobalSection(ProjectConfigurationPlatforms) = postSolution
		{78E15A9B-03E5-4650-A225-0343127F4E70}.Debug|Any CPU.ActiveCfg = Debug|Any CPU
		{78E15A9B-03E5-4650-A225-0343127F4E70}.Debug|Any CPU.Build.0 = Debug|Any CPU
		{78E15A9B-03E5-4650-A225-0343127F4E70}.Release|Any CPU.ActiveCfg = Release|Any CPU
		{78E15A9B-03E5-4650-A225-0343127F4E70}.Release|Any CPU.Build.0 = Release|Any CPU
		{F3FF5D78-52BF-4A9B-A3AB-0C0D7C84CA72}.Debug|Any CPU.ActiveCfg = Debug|Any CPU
		{F3FF5D78-52BF-4A9B-A3AB-0C0D7C84CA72}.Debug|Any CPU.Build.0 = Debug|Any CPU
		{F3FF5D78-52BF-4A9B-A3AB-0C0D7C84CA72}.Release|Any CPU.ActiveCfg = Release|Any CPU
		{F3FF5D78-52BF-4A9B-A3AB-0C0D7C84CA72}.Release|Any CPU.Build.0 = Release|Any CPU
	EndGlobalSection
	GlobalSection(SolutionProperties) = preSolution
		HideSolutionNode = FALSE
	EndGlobalSection
	GlobalSection(ExtensibilityGlobals) = postSolution
		SolutionGuid = {14DCD9C5-5370-4944-A463-A972B72EEE6C}
	EndGlobalSection
EndGlobal
